
Microsoft Visual Studio Solution File, Format Version 12.00
# Visual Studio Version 17
VisualStudioVersion = 17.9.34723.18
MinimumVisualStudioVersion = 10.0.40219.1
Project("{FAE04EC0-301F-11D3-BF4B-00C04F79EFBC}") = "CheckList", "CheckList\CheckList.csproj", "{D05BF8EE-17B5-4ECE-A4C2-91420E19BAD1}"
EndProject
Global
	GlobalSection(SolutionConfigurationPlatforms) = preSolution
		Debug|Any CPU = Debug|Any CPU
		Release|Any CPU = Release|Any CPU
	EndGlobalSection
	GlobalSection(ProjectConfigurationPlatforms) = postSolution
		{D05BF8EE-17B5-4ECE-A4C2-91420E19BAD1}.Debug|Any CPU.ActiveCfg = Debug|Any CPU
		{D05BF8EE-17B5-4ECE-A4C2-91420E19BAD1}.Debug|Any CPU.Build.0 = Debug|Any CPU
		{D05BF8EE-17B5-4ECE-A4C2-91420E19BAD1}.Release|Any CPU.ActiveCfg = Release|Any CPU
		{D05BF8EE-17B5-4ECE-A4C2-91420E19BAD1}.Release|Any CPU.Build.0 = Release|Any CPU
	EndGlobalSection
	GlobalSection(SolutionProperties) = preSolution
		HideSolutionNode = FALSE
	EndGlobalSection
	GlobalSection(ExtensibilityGlobals) = postSolution
		SolutionGuid = {81A33DA2-E830-4844-B48B-DE6E11BF1910}
	EndGlobalSection
EndGlobal
